<?xml version="1.0" encoding="utf-8"?>
<Project ToolsVersion="4.0" xmlns="http://schemas.microsoft.com/developer/msbuild/2003">
  <ItemGroup>
    <Filter Include="Source Files">
      <UniqueIdentifier>{4FC737F1-C7A5-4376-A066-2A32D752A2FF}</UniqueIdentifier>
      <Extensions>cpp;c;cc;cxx;def;odl;idl;hpj;bat;asm;asmx</Extensions>
    </Filter>
    <Filter Include="Header Files">
      <UniqueIdentifier>{93995380-89BD-4b04-88EB-625FBE52EBFB}</UniqueIdentifier>
      <Extensions>h;hh;hpp;hxx;hm;inl;inc;xsd</Extensions>
    </Filter>
    <Filter Include="Resource Files">
      <UniqueIdentifier>{67DA6AB6-F800-4c08-8B7A-83BB121AAD01}</UniqueIdentifier>
      <Extensions>rc;ico;cur;bmp;dlg;rc2;rct;bin;rgs;gif;jpg;jpeg;jpe;resx;tiff;tif;png;wav;mfcribbon-ms</Extensions>
    </Filter>
    <Filter Include="Source Files\Game">
      <UniqueIdentifier>{d4c566bd-9c45-4618-81d5-99d7c21a1231}</UniqueIdentifier>
    </Filter>
    <Filter Include="Source Files\Engine">
      <UniqueIdentifier>{91e66ba8-fe47-41b2-9406-203a29d19612}</UniqueIdentifier>
    </Filter>
    <Filter Include="Source Files\Engine\Graphics">
      <UniqueIdentifier>{d8376656-7693-4dd2-abbd-77b22aca569d}</UniqueIdentifier>
    </Filter>
    <Filter Include="Source Files\Engine\GameLogic">
      <UniqueIdentifier>{a7d7e3b5-bead-4edf-9010-9cb68d0618da}</UniqueIdentifier>
    </Filter>
    <Filter Include="Source Files\Game\AbstractGame">
      <UniqueIdentifier>{5b49f1f9-688e-41b9-89f2-30fdb5fb547a}</UniqueIdentifier>
    </Filter>
    <Filter Include="Source Files\Game\GameObjects">
      <UniqueIdentifier>{a9d24121-9f02-4a2e-b2b5-c3dae8129c08}</UniqueIdentifier>
    </Filter>
    <Filter Include="Header Files\Game">
      <UniqueIdentifier>{058f54e1-9878-4703-a50f-02c0ece36a13}</UniqueIdentifier>
    </Filter>
    <Filter Include="Header Files\Game\AbstractGame">
      <UniqueIdentifier>{a852c7ac-e2cf-492f-884d-6295af2808f8}</UniqueIdentifier>
    </Filter>
    <Filter Include="Header Files\Game\GameObjects">
      <UniqueIdentifier>{d320b0a6-3ff7-4794-8ede-f06e9b90da25}</UniqueIdentifier>
    </Filter>
    <Filter Include="Header Files\Engine">
      <UniqueIdentifier>{2b4166ee-3105-495d-9d26-28f9a7c2fc6d}</UniqueIdentifier>
    </Filter>
    <Filter Include="Header Files\Engine\Graphics">
      <UniqueIdentifier>{23da4585-1c12-4f3b-99d3-6a1b9654b724}</UniqueIdentifier>
    </Filter>
    <Filter Include="Header Files\Engine\GameLogic">
      <UniqueIdentifier>{50bdff8e-7ada-48a2-be53-cccf6ef25fbc}</UniqueIdentifier>
    </Filter>
    <Filter Include="Header Files\utils">
      <UniqueIdentifier>{d63b1184-2fff-4b44-af15-4c1f82ec74d6}</UniqueIdentifier>
    </Filter>
    <Filter Include="Header Files\Game\States">
      <UniqueIdentifier>{9254f756-b706-460e-9983-bf30fcb32c64}</UniqueIdentifier>
    </Filter>
    <Filter Include="Source Files\Game\States">
      <UniqueIdentifier>{10ed702d-5bdc-4a3d-af93-de70670b40b3}</UniqueIdentifier>
    </Filter>
    <Filter Include="Source Files\utils">
      <UniqueIdentifier>{ca629e20-e595-4e56-9e24-6197be22b4fd}</UniqueIdentifier>
    </Filter>
    <Filter Include="Header Files\Engine\physics">
      <UniqueIdentifier>{00ead12c-3541-43b5-9ece-5f5821a51a8a}</UniqueIdentifier>
    </Filter>
  </ItemGroup>
  <ItemGroup>
    <None Include="fragmentshader.glsl">
      <Filter>Resource Files</Filter>
    </None>
    <None Include="VertexShader.glsl">
      <Filter>Resource Files</Filter>
    </None>
    <None Include="Object.h">
      <Filter>Header Files\Game\AbstractGame</Filter>
    </None>
    <None Include="textureNoLightFrag.glsl">
      <Filter>Resource Files</Filter>
    </None>
    <None Include="patricleFragmentShader.glsl">
      <Filter>Resource Files</Filter>
    </None>
    <None Include="particleVertexShader.glsl">
      <Filter>Resource Files</Filter>
    </None>
  </ItemGroup>
  <ItemGroup>
    <ClCompile Include="Main.cpp">
      <Filter>Source Files</Filter>
    </ClCompile>
    <ClCompile Include="ShaderLoader.cpp">
      <Filter>Source Files\Engine\Graphics</Filter>
    </ClCompile>
    <ClCompile Include="Window.cpp">
      <Filter>Source Files\Engine\Graphics</Filter>
    </ClCompile>
    <ClCompile Include="FrameWork.cpp">
      <Filter>Source Files\Engine\GameLogic</Filter>
    </ClCompile>
    <ClCompile Include="MessageHandler.cpp">
      <Filter>Source Files\Engine\GameLogic</Filter>
    </ClCompile>
    <ClCompile Include="Message.cpp">
      <Filter>Source Files\Engine\GameLogic</Filter>
    </ClCompile>
    <ClCompile Include="AbstractGame.cpp">
      <Filter>Source Files\Game\AbstractGame</Filter>
    </ClCompile>
    <ClCompile Include="Object.cpp">
      <Filter>Source Files\Game\AbstractGame</Filter>
    </ClCompile>
    <ClCompile Include="GraphicResourceManagement.cpp">
      <Filter>Source Files\Engine\Graphics</Filter>
    </ClCompile>
    <ClCompile Include="GameModel.cpp">
      <Filter>Source Files\Engine\Graphics</Filter>
    </ClCompile>
    <ClCompile Include="TestState.cpp">
      <Filter>Source Files\Game\States</Filter>
    </ClCompile>
    <ClCompile Include="State.cpp">
      <Filter>Source Files\Game\States</Filter>
    </ClCompile>
    <ClCompile Include="ObjParser.cpp">
      <Filter>Source Files\utils</Filter>
    </ClCompile>
    <ClCompile Include="KeyHandler.cpp">
      <Filter>Source Files\Engine\GameLogic</Filter>
    </ClCompile>
    <ClCompile Include="Camera.cpp">
      <Filter>Source Files\Game\GameObjects</Filter>
    </ClCompile>
    <ClCompile Include="PhysicsEngine.cpp">
      <Filter>Source Files\Engine\GameLogic</Filter>
    </ClCompile>
    <ClCompile Include="skyBox.cpp">
      <Filter>Source Files\Game\GameObjects</Filter>
    </ClCompile>
    <ClCompile Include="TextureLoader.cpp">
      <Filter>Source Files\Engine\Graphics</Filter>
    </ClCompile>
    <ClCompile Include="ParticleSystem.cpp">
      <Filter>Source Files\Game\GameObjects</Filter>
    </ClCompile>
    <ClCompile Include="ParticleSpawner.cpp">
      <Filter>Source Files\Game\GameObjects</Filter>
    </ClCompile>
    <ClCompile Include="Maze.cpp">
      <Filter>Source Files\Game\GameObjects</Filter>
    </ClCompile>
    <ClCompile Include="Box.cpp">
      <Filter>Source Files\Game\GameObjects</Filter>
    </ClCompile>
  </ItemGroup>
  <ItemGroup>
    <ClInclude Include="AbstractGame.h">
      <Filter>Header Files\Game\AbstractGame</Filter>
    </ClInclude>
    <ClInclude Include="SystemObject.h">
      <Filter>Header Files\Game\AbstractGame</Filter>
    </ClInclude>
    <ClInclude Include="FrameWork.h">
      <Filter>Header Files\Engine\GameLogic</Filter>
    </ClInclude>
    <ClInclude Include="Message.h">
      <Filter>Header Files\Engine\GameLogic</Filter>
    </ClInclude>
    <ClInclude Include="MessageHandler.h">
      <Filter>Header Files\Engine\GameLogic</Filter>
    </ClInclude>
    <ClInclude Include="ShaderLoader.h">
      <Filter>Header Files\Engine\Graphics</Filter>
    </ClInclude>
    <ClInclude Include="Window.h">
      <Filter>Header Files\Engine\Graphics</Filter>
    </ClInclude>
    <ClInclude Include="Stack.h">
      <Filter>Header Files\utils</Filter>
    </ClInclude>
    <ClInclude Include="Vec3.h">
      <Filter>Header Files\utils</Filter>
    </ClInclude>
    <ClInclude Include="VertexFormat.h">
      <Filter>Header Files\utils</Filter>
    </ClInclude>
    <ClInclude Include="Vec4.h">
      <Filter>Header Files\utils</Filter>
    </ClInclude>
    <ClInclude Include="GraphicResourceManagement.h">
      <Filter>Header Files\Engine\Graphics</Filter>
    </ClInclude>
    <ClInclude Include="GameModel.h">
      <Filter>Header Files\Engine\Graphics</Filter>
    </ClInclude>
    <ClInclude Include="State.h">
      <Filter>Header Files\Game\States</Filter>
    </ClInclude>
    <ClInclude Include="TestState.h">
      <Filter>Header Files\Game\States</Filter>
    </ClInclude>
    <ClInclude Include="Matrix.h">
      <Filter>Header Files\utils</Filter>
    </ClInclude>
    <ClInclude Include="ObjParser.h">
      <Filter>Header Files\utils</Filter>
    </ClInclude>
    <ClInclude Include="KeyHandler.h">
      <Filter>Header Files\Engine\GameLogic</Filter>
    </ClInclude>
    <ClInclude Include="Camera.h">
      <Filter>Header Files\Game\GameObjects</Filter>
    </ClInclude>
    <ClInclude Include="CollisionBox.h">
      <Filter>Header Files\Engine\physics</Filter>
    </ClInclude>
    <ClInclude Include="PhysicsEngine.h">
      <Filter>Header Files\Engine\physics</Filter>
    </ClInclude>
    <ClInclude Include="Vec2.h">
      <Filter>Header Files\utils</Filter>
    </ClInclude>
    <ClInclude Include="TextureLoader.h">
      <Filter>Header Files\Engine\Graphics</Filter>
    </ClInclude>
    <ClInclude Include="skyBox.h">
      <Filter>Header Files\Game\GameObjects</Filter>
    </ClInclude>
    <ClInclude Include="ParticleSystem.h">
      <Filter>Header Files\Game\GameObjects</Filter>
    </ClInclude>
    <ClInclude Include="ParticleSpawner.h">
      <Filter>Header Files\Game\GameObjects</Filter>
    </ClInclude>
    <ClInclude Include="Box.h">
      <Filter>Header Files\Game\GameObjects</Filter>
    </ClInclude>
    <ClInclude Include="Maze.h">
      <Filter>Header Files\Game\GameObjects</Filter>
    </ClInclude>
  </ItemGroup>
  <ItemGroup>
    <Text Include="textureVertexShader.glsl">
      <Filter>Resource Files</Filter>
    </Text>
  </ItemGroup>
</Project>